# This file is automatically @generated by Cargo.
# It is not intended for manual editing.
version = 3

[[package]]
name = "bincode"
version = "2.0.0-rc.1"
source = "registry+https://github.com/rust-lang/crates.io-index"
checksum = "f609ceb2c41b0d0277314a789ef0e7eb14593d5485f7c67320bed3924ebb1b33"
dependencies = [
 "bincode_derive",
]

[[package]]
name = "bincode_derive"
version = "2.0.0-rc.1"
source = "registry+https://github.com/rust-lang/crates.io-index"
checksum = "913287a8f3e00db4c7ae1b87e9b9b8cebd6b89217eaadfc281fa5c897da35dc3"
dependencies = [
 "virtue",
]

[[package]]
name = "vexv5_serial"
version = "0.0.1"
dependencies = [
 "bincode",
]

[[package]]
name = "virtue"
version = "0.0.7"
source = "registry+https://github.com/rust-lang/crates.io-index"
checksum = "757cfbfe0d17ee6f22fe97e536d463047d451b47cf9d11e2b7d1398b0ef274dd"
